
Microsoft Visual Studio Solution File, Format Version 12.00
# Visual Studio Version 16
VisualStudioVersion = 16.0.29806.167
MinimumVisualStudioVersion = 10.0.40219.1
Project("{FAE04EC0-301F-11D3-BF4B-00C04F79EFBC}") = "Courier", ".\Courier\Courier.csproj", "{BDDD9763-DA03-4703-8E77-3EAEAB9EE293}"
EndProject
Project("{FAE04EC0-301F-11D3-BF4B-00C04F79EFBC}") = "CourierConsumers", ".\CourierConsumers\CourierConsumers.csproj", "{352EBF93-F758-4E2C-BEA3-E760D39E2ADC}"
EndProject
Global
	GlobalSection(SolutionConfigurationPlatforms) = preSolution
		Debug|Any CPU = Debug|Any CPU
		Release|Any CPU = Release|Any CPU
	EndGlobalSection
	GlobalSection(ProjectConfigurationPlatforms) = postSolution
		{BDDD9763-DA03-4703-8E77-3EAEAB9EE293}.Debug|Any CPU.ActiveCfg = Debug|Any CPU
		{BDDD9763-DA03-4703-8E77-3EAEAB9EE293}.Debug|Any CPU.Build.0 = Debug|Any CPU
		{BDDD9763-DA03-4703-8E77-3EAEAB9EE293}.Release|Any CPU.ActiveCfg = Release|Any CPU
		{BDDD9763-DA03-4703-8E77-3EAEAB9EE293}.Release|Any CPU.Build.0 = Release|Any CPU
		{352EBF93-F758-4E2C-BEA3-E760D39E2ADC}.Debug|Any CPU.ActiveCfg = Debug|Any CPU
		{352EBF93-F758-4E2C-BEA3-E760D39E2ADC}.Debug|Any CPU.Build.0 = Debug|Any CPU
		{352EBF93-F758-4E2C-BEA3-E760D39E2ADC}.Release|Any CPU.ActiveCfg = Release|Any CPU
		{352EBF93-F758-4E2C-BEA3-E760D39E2ADC}.Release|Any CPU.Build.0 = Release|Any CPU
	EndGlobalSection
	GlobalSection(SolutionProperties) = preSolution
		HideSolutionNode = FALSE
	EndGlobalSection
	GlobalSection(ExtensibilityGlobals) = postSolution
		SolutionGuid = {ECDDF0CB-0984-48C4-A973-CC2D96FAFB92}
	EndGlobalSection
EndGlobal
