
Microsoft Visual Studio Solution File, Format Version 12.00
# Visual Studio 15
Project("{FAE04EC0-301F-11D3-BF4B-00C04F79EFBC}") = "GettingStarted", "GettingStarted\GettingStarted.csproj", "{B4EEE7B7-CF13-47E8-9F6D-8D17F68CC05C}"
EndProject
Project("{FAE04EC0-301F-11D3-BF4B-00C04F79EFBC}") = "Consumer", "Consumer\Consumer.csproj", "{052BDB58-783A-4234-BAE1-8716F58E87CF}"
EndProject
Project("{FAE04EC0-301F-11D3-BF4B-00C04F79EFBC}") = "ConsumerContracts", "ConsumerContracts\ConsumerContracts.csproj", "{D03F0AE6-5203-4467-A04C-FEFADEC559A1}"
EndProject
Global
	GlobalSection(SolutionConfigurationPlatforms) = preSolution
		Debug|Any CPU = Debug|Any CPU
		Release|Any CPU = Release|Any CPU
	EndGlobalSection
	GlobalSection(ProjectConfigurationPlatforms) = postSolution
		{B4EEE7B7-CF13-47E8-9F6D-8D17F68CC05C}.Debug|Any CPU.ActiveCfg = Debug|Any CPU
		{B4EEE7B7-CF13-47E8-9F6D-8D17F68CC05C}.Debug|Any CPU.Build.0 = Debug|Any CPU
		{B4EEE7B7-CF13-47E8-9F6D-8D17F68CC05C}.Release|Any CPU.ActiveCfg = Release|Any CPU
		{B4EEE7B7-CF13-47E8-9F6D-8D17F68CC05C}.Release|Any CPU.Build.0 = Release|Any CPU
		{052BDB58-783A-4234-BAE1-8716F58E87CF}.Debug|Any CPU.ActiveCfg = Debug|Any CPU
		{052BDB58-783A-4234-BAE1-8716F58E87CF}.Debug|Any CPU.Build.0 = Debug|Any CPU
		{052BDB58-783A-4234-BAE1-8716F58E87CF}.Release|Any CPU.ActiveCfg = Release|Any CPU
		{052BDB58-783A-4234-BAE1-8716F58E87CF}.Release|Any CPU.Build.0 = Release|Any CPU
		{D03F0AE6-5203-4467-A04C-FEFADEC559A1}.Debug|Any CPU.ActiveCfg = Debug|Any CPU
		{D03F0AE6-5203-4467-A04C-FEFADEC559A1}.Debug|Any CPU.Build.0 = Debug|Any CPU
		{D03F0AE6-5203-4467-A04C-FEFADEC559A1}.Release|Any CPU.ActiveCfg = Release|Any CPU
		{D03F0AE6-5203-4467-A04C-FEFADEC559A1}.Release|Any CPU.Build.0 = Release|Any CPU
	EndGlobalSection
EndGlobal
